
Microsoft Visual Studio Solution File, Format Version 12.00
# Visual Studio Version 17
VisualStudioVersion = 17.13.35931.197 d17.13
MinimumVisualStudioVersion = 10.0.40219.1
Project("{FAE04EC0-301F-11D3-BF4B-00C04F79EFBC}") = "WebApiVeiculos", "WebApiVeiculos\WebApiVeiculos.csproj", "{B454FD11-F860-4CDB-A32D-9B0188FB2357}"
EndProject
Global
	GlobalSection(SolutionConfigurationPlatforms) = preSolution
		Debug|Any CPU = Debug|Any CPU
		Release|Any CPU = Release|Any CPU
	EndGlobalSection
	GlobalSection(ProjectConfigurationPlatforms) = postSolution
		{B454FD11-F860-4CDB-A32D-9B0188FB2357}.Debug|Any CPU.ActiveCfg = Debug|Any CPU
		{B454FD11-F860-4CDB-A32D-9B0188FB2357}.Debug|Any CPU.Build.0 = Debug|Any CPU
		{B454FD11-F860-4CDB-A32D-9B0188FB2357}.Release|Any CPU.ActiveCfg = Release|Any CPU
		{B454FD11-F860-4CDB-A32D-9B0188FB2357}.Release|Any CPU.Build.0 = Release|Any CPU
	EndGlobalSection
	GlobalSection(SolutionProperties) = preSolution
		HideSolutionNode = FALSE
	EndGlobalSection
	GlobalSection(ExtensibilityGlobals) = postSolution
		SolutionGuid = {44CF09B8-5FB4-4038-900B-DC9B6520C374}
	EndGlobalSection
EndGlobal
